
Microsoft Visual Studio Solution File, Format Version 12.00
# Visual Studio Version 17
VisualStudioVersion = 17.2.32519.379
MinimumVisualStudioVersion = 10.0.40219.1
Project("{FAE04EC0-301F-11D3-BF4B-00C04F79EFBC}") = "Morse", "Morse\Morse.csproj", "{8C7736CD-25D7-4A17-BBFC-543076265387}"
EndProject
Global
	GlobalSection(SolutionConfigurationPlatforms) = preSolution
		Debug|Any CPU = Debug|Any CPU
		Release|Any CPU = Release|Any CPU
	EndGlobalSection
	GlobalSection(ProjectConfigurationPlatforms) = postSolution
		{8C7736CD-25D7-4A17-BBFC-543076265387}.Debug|Any CPU.ActiveCfg = Debug|Any CPU
		{8C7736CD-25D7-4A17-BBFC-543076265387}.Debug|Any CPU.Build.0 = Debug|Any CPU
		{8C7736CD-25D7-4A17-BBFC-543076265387}.Release|Any CPU.ActiveCfg = Release|Any CPU
		{8C7736CD-25D7-4A17-BBFC-543076265387}.Release|Any CPU.Build.0 = Release|Any CPU
	EndGlobalSection
	GlobalSection(SolutionProperties) = preSolution
		HideSolutionNode = FALSE
	EndGlobalSection
	GlobalSection(ExtensibilityGlobals) = postSolution
		SolutionGuid = {53E7F806-A25B-4571-A264-414514788659}
	EndGlobalSection
EndGlobal
